
Microsoft Visual Studio Solution File, Format Version 12.00
# Visual Studio Version 17
VisualStudioVersion = 17.4.33205.214
MinimumVisualStudioVersion = 10.0.40219.1
Project("{9A19103F-16F7-4668-BE54-9A1E7A4F7556}") = "WebAPI.Prayaga", "WebAPI.Prayaga\WebAPI.Prayaga.csproj", "{8AEF4893-7EBF-43F6-AF67-8E1D4CD9538B}"
EndProject
Project("{2150E333-8FDC-42A3-9474-1A3956D46DE8}") = "01. API", "01. API", "{FFB1C9EE-48D5-4C80-A3C9-CE5755343F83}"
EndProject
Project("{2150E333-8FDC-42A3-9474-1A3956D46DE8}") = "02. Interface", "02. Interface", "{0961EBE2-BEDB-41FA-9B8F-DBBCA0633DE8}"
EndProject
Project("{2150E333-8FDC-42A3-9474-1A3956D46DE8}") = "03. Service", "03. Service", "{06BDE7A4-DDA2-4A4F-85CA-6063283E4429}"
EndProject
Project("{2150E333-8FDC-42A3-9474-1A3956D46DE8}") = "04. Data", "04. Data", "{D494CF2E-3015-499F-9442-127E09CAA616}"
EndProject
Project("{2150E333-8FDC-42A3-9474-1A3956D46DE8}") = "05. Shared", "05. Shared", "{60A8DE1F-D4C0-4467-93DB-AA7ABB0A0755}"
EndProject
Project("{9A19103F-16F7-4668-BE54-9A1E7A4F7556}") = "WebAPI.Prayaga.Setup", "WebAPI.Prayaga.Setup\WebAPI.Prayaga.Setup.csproj", "{1E41EFC9-976E-4A0B-8CD1-7C5559D23C54}"
EndProject
Project("{9A19103F-16F7-4668-BE54-9A1E7A4F7556}") = "WebAPI.Prayaga.Repositories", "WebAPI.Prayaga.Repositories\WebAPI.Prayaga.Repositories.csproj", "{EEB49801-CF8D-4FA3-A496-84E5A95ACCE6}"
EndProject
Project("{9A19103F-16F7-4668-BE54-9A1E7A4F7556}") = "WebAPI.Prayaga.Commons", "WebAPI.Prayaga.Commons\WebAPI.Prayaga.Commons.csproj", "{F7CA7242-4A38-4667-B0B8-07495DE55F85}"
EndProject
Project("{9A19103F-16F7-4668-BE54-9A1E7A4F7556}") = "WebAPI.Prayaga.Util", "WebAPI.Prayaga.Util\WebAPI.Prayaga.Util.csproj", "{45245653-3A56-461C-A59A-6C1F7A72C2BA}"
EndProject
Project("{9A19103F-16F7-4668-BE54-9A1E7A4F7556}") = "WebAPI.Prayaga.Models", "WebAPI.Prayaga.Models\WebAPI.Prayaga.Models.csproj", "{8666929F-0114-4942-B35B-B3583B4D3AD6}"
EndProject
Project("{9A19103F-16F7-4668-BE54-9A1E7A4F7556}") = "WebAPI.Prayaga.Interfaces", "WebAPI.Prayaga.Interfaces\WebAPI.Prayaga.Interfaces.csproj", "{3E85D063-1E9E-4F58-92CE-64C1E4FCED7A}"
EndProject
Project("{9A19103F-16F7-4668-BE54-9A1E7A4F7556}") = "WebAPI.Prayaga.Middlewares", "WebAPI.Prayaga.Middlewares\WebAPI.Prayaga.Middlewares.csproj", "{E8A3CB5E-C67B-4C86-B2D5-5FFBABCFEA37}"
EndProject
Project("{9A19103F-16F7-4668-BE54-9A1E7A4F7556}") = "WebAPI.Prayaga.Services", "WebAPI.Prayaga.Services\WebAPI.Prayaga.Services.csproj", "{0E998E09-B1ED-414A-9B8D-FB7B14A1C7B3}"
EndProject
Project("{9A19103F-16F7-4668-BE54-9A1E7A4F7556}") = "WebAPI.Prayaga.DTOs", "WebAPI.Prayaga.DTOs\WebAPI.Prayaga.DTOs.csproj", "{17190FBF-FA09-440A-BD13-174C95DA1670}"
EndProject
Global
	GlobalSection(SolutionConfigurationPlatforms) = preSolution
		Debug|Any CPU = Debug|Any CPU
		Release|Any CPU = Release|Any CPU
	EndGlobalSection
	GlobalSection(ProjectConfigurationPlatforms) = postSolution
		{8AEF4893-7EBF-43F6-AF67-8E1D4CD9538B}.Debug|Any CPU.ActiveCfg = Debug|Any CPU
		{8AEF4893-7EBF-43F6-AF67-8E1D4CD9538B}.Debug|Any CPU.Build.0 = Debug|Any CPU
		{8AEF4893-7EBF-43F6-AF67-8E1D4CD9538B}.Release|Any CPU.ActiveCfg = Release|Any CPU
		{8AEF4893-7EBF-43F6-AF67-8E1D4CD9538B}.Release|Any CPU.Build.0 = Release|Any CPU
		{1E41EFC9-976E-4A0B-8CD1-7C5559D23C54}.Debug|Any CPU.ActiveCfg = Debug|Any CPU
		{1E41EFC9-976E-4A0B-8CD1-7C5559D23C54}.Debug|Any CPU.Build.0 = Debug|Any CPU
		{1E41EFC9-976E-4A0B-8CD1-7C5559D23C54}.Release|Any CPU.ActiveCfg = Release|Any CPU
		{1E41EFC9-976E-4A0B-8CD1-7C5559D23C54}.Release|Any CPU.Build.0 = Release|Any CPU
		{EEB49801-CF8D-4FA3-A496-84E5A95ACCE6}.Debug|Any CPU.ActiveCfg = Debug|Any CPU
		{EEB49801-CF8D-4FA3-A496-84E5A95ACCE6}.Debug|Any CPU.Build.0 = Debug|Any CPU
		{EEB49801-CF8D-4FA3-A496-84E5A95ACCE6}.Release|Any CPU.ActiveCfg = Release|Any CPU
		{EEB49801-CF8D-4FA3-A496-84E5A95ACCE6}.Release|Any CPU.Build.0 = Release|Any CPU
		{F7CA7242-4A38-4667-B0B8-07495DE55F85}.Debug|Any CPU.ActiveCfg = Debug|Any CPU
		{F7CA7242-4A38-4667-B0B8-07495DE55F85}.Debug|Any CPU.Build.0 = Debug|Any CPU
		{F7CA7242-4A38-4667-B0B8-07495DE55F85}.Release|Any CPU.ActiveCfg = Release|Any CPU
		{F7CA7242-4A38-4667-B0B8-07495DE55F85}.Release|Any CPU.Build.0 = Release|Any CPU
		{45245653-3A56-461C-A59A-6C1F7A72C2BA}.Debug|Any CPU.ActiveCfg = Debug|Any CPU
		{45245653-3A56-461C-A59A-6C1F7A72C2BA}.Debug|Any CPU.Build.0 = Debug|Any CPU
		{45245653-3A56-461C-A59A-6C1F7A72C2BA}.Release|Any CPU.ActiveCfg = Release|Any CPU
		{45245653-3A56-461C-A59A-6C1F7A72C2BA}.Release|Any CPU.Build.0 = Release|Any CPU
		{8666929F-0114-4942-B35B-B3583B4D3AD6}.Debug|Any CPU.ActiveCfg = Debug|Any CPU
		{8666929F-0114-4942-B35B-B3583B4D3AD6}.Debug|Any CPU.Build.0 = Debug|Any CPU
		{8666929F-0114-4942-B35B-B3583B4D3AD6}.Release|Any CPU.ActiveCfg = Release|Any CPU
		{8666929F-0114-4942-B35B-B3583B4D3AD6}.Release|Any CPU.Build.0 = Release|Any CPU
		{3E85D063-1E9E-4F58-92CE-64C1E4FCED7A}.Debug|Any CPU.ActiveCfg = Debug|Any CPU
		{3E85D063-1E9E-4F58-92CE-64C1E4FCED7A}.Debug|Any CPU.Build.0 = Debug|Any CPU
		{3E85D063-1E9E-4F58-92CE-64C1E4FCED7A}.Release|Any CPU.ActiveCfg = Release|Any CPU
		{3E85D063-1E9E-4F58-92CE-64C1E4FCED7A}.Release|Any CPU.Build.0 = Release|Any CPU
		{E8A3CB5E-C67B-4C86-B2D5-5FFBABCFEA37}.Debug|Any CPU.ActiveCfg = Debug|Any CPU
		{E8A3CB5E-C67B-4C86-B2D5-5FFBABCFEA37}.Debug|Any CPU.Build.0 = Debug|Any CPU
		{E8A3CB5E-C67B-4C86-B2D5-5FFBABCFEA37}.Release|Any CPU.ActiveCfg = Release|Any CPU
		{E8A3CB5E-C67B-4C86-B2D5-5FFBABCFEA37}.Release|Any CPU.Build.0 = Release|Any CPU
		{0E998E09-B1ED-414A-9B8D-FB7B14A1C7B3}.Debug|Any CPU.ActiveCfg = Debug|Any CPU
		{0E998E09-B1ED-414A-9B8D-FB7B14A1C7B3}.Debug|Any CPU.Build.0 = Debug|Any CPU
		{0E998E09-B1ED-414A-9B8D-FB7B14A1C7B3}.Release|Any CPU.ActiveCfg = Release|Any CPU
		{0E998E09-B1ED-414A-9B8D-FB7B14A1C7B3}.Release|Any CPU.Build.0 = Release|Any CPU
		{17190FBF-FA09-440A-BD13-174C95DA1670}.Debug|Any CPU.ActiveCfg = Debug|Any CPU
		{17190FBF-FA09-440A-BD13-174C95DA1670}.Debug|Any CPU.Build.0 = Debug|Any CPU
		{17190FBF-FA09-440A-BD13-174C95DA1670}.Release|Any CPU.ActiveCfg = Release|Any CPU
		{17190FBF-FA09-440A-BD13-174C95DA1670}.Release|Any CPU.Build.0 = Release|Any CPU
	EndGlobalSection
	GlobalSection(SolutionProperties) = preSolution
		HideSolutionNode = FALSE
	EndGlobalSection
	GlobalSection(NestedProjects) = preSolution
		{8AEF4893-7EBF-43F6-AF67-8E1D4CD9538B} = {FFB1C9EE-48D5-4C80-A3C9-CE5755343F83}
		{1E41EFC9-976E-4A0B-8CD1-7C5559D23C54} = {60A8DE1F-D4C0-4467-93DB-AA7ABB0A0755}
		{EEB49801-CF8D-4FA3-A496-84E5A95ACCE6} = {D494CF2E-3015-499F-9442-127E09CAA616}
		{F7CA7242-4A38-4667-B0B8-07495DE55F85} = {60A8DE1F-D4C0-4467-93DB-AA7ABB0A0755}
		{45245653-3A56-461C-A59A-6C1F7A72C2BA} = {60A8DE1F-D4C0-4467-93DB-AA7ABB0A0755}
		{8666929F-0114-4942-B35B-B3583B4D3AD6} = {D494CF2E-3015-499F-9442-127E09CAA616}
		{3E85D063-1E9E-4F58-92CE-64C1E4FCED7A} = {0961EBE2-BEDB-41FA-9B8F-DBBCA0633DE8}
		{E8A3CB5E-C67B-4C86-B2D5-5FFBABCFEA37} = {60A8DE1F-D4C0-4467-93DB-AA7ABB0A0755}
		{0E998E09-B1ED-414A-9B8D-FB7B14A1C7B3} = {06BDE7A4-DDA2-4A4F-85CA-6063283E4429}
		{17190FBF-FA09-440A-BD13-174C95DA1670} = {06BDE7A4-DDA2-4A4F-85CA-6063283E4429}
	EndGlobalSection
	GlobalSection(ExtensibilityGlobals) = postSolution
		SolutionGuid = {26771EE9-CED3-4EA1-B011-F7A6ED5B0BEC}
	EndGlobalSection
EndGlobal
